<?xml version="1.0" encoding="utf-8"?>
<Project ToolsVersion="4.0" xmlns="http://schemas.microsoft.com/developer/msbuild/2003">
  <ItemGroup>
    <ClCompile Include="alphamapshaderclass.cpp" />
    <ClCompile Include="applicationclass.cpp" />
    <ClCompile Include="bitmapclass.cpp" />
    <ClCompile Include="Cameraclass.cpp" />
    <ClCompile Include="Colorshaderclass.cpp" />
    <ClCompile Include="d3dclass.cpp" />
    <ClCompile Include="displayplaneclass.cpp" />
    <ClCompile Include="fontclass.cpp" />
    <ClCompile Include="fontshaderclass.cpp" />
    <ClCompile Include="fpsclass.cpp" />
    <ClCompile Include="frustumclass.cpp" />
    <ClCompile Include="inputclass.cpp" />
    <ClCompile Include="Lightclass.cpp" />
    <ClCompile Include="lightmapshaderclass.cpp" />
    <ClCompile Include="Lightshaderclass.cpp" />
    <ClCompile Include="Main.cpp" />
    <ClCompile Include="modelclass.cpp" />
    <ClCompile Include="modellistclass.cpp" />
    <ClCompile Include="Multitextureshaderclass.cpp" />
    <ClCompile Include="normalmapshaderclass.cpp" />
    <ClCompile Include="shadermanagerclass.cpp" />
    <ClCompile Include="positionclass.cpp" />
    <ClCompile Include="rendertextureclass.cpp" />
    <ClCompile Include="specmapshaderclass.cpp" />
    <ClCompile Include="Spriteclass.cpp" />
    <ClCompile Include="Systemclass.cpp" />
    <ClCompile Include="textclass.cpp" />
    <ClCompile Include="textureclass.cpp" />
    <ClCompile Include="textureshaderclass.cpp" />
    <ClCompile Include="Timerclass.cpp" />
    <ClCompile Include="translateshaderclass.cpp" />
  </ItemGroup>
  <ItemGroup>
    <ClInclude Include="alphamapshaderclass.h" />
    <ClInclude Include="applicationclass.h" />
    <ClInclude Include="bitmapclass.h" />
    <ClInclude Include="Cameraclass.h" />
    <ClInclude Include="Colorshaderclass.h" />
    <ClInclude Include="d3dclass.h" />
    <ClInclude Include="displayplaneclass.h" />
    <ClInclude Include="fontclass.h" />
    <ClInclude Include="fontshaderclass.h" />
    <ClInclude Include="fpsclass.h" />
    <ClInclude Include="frustumclass.h" />
    <ClInclude Include="inputclass.h" />
    <ClInclude Include="lightclass.h" />
    <ClInclude Include="lightmapshaderclass.h" />
    <ClInclude Include="lightshaderclass.h" />
    <ClInclude Include="modelclass.h" />
    <ClInclude Include="modellistclass.h" />
    <ClInclude Include="Multitextureshaderclass.h" />
    <ClInclude Include="normalmapshaderclass.h" />
    <ClInclude Include="shadermanagerclass.h" />
    <ClInclude Include="positionclass.h" />
    <ClInclude Include="rendertextureclass.h" />
    <ClInclude Include="specmapshaderclass.h" />
    <ClInclude Include="Spriteclass.h" />
    <ClInclude Include="systemclass.h" />
    <ClInclude Include="textclass.h" />
    <ClInclude Include="textureclass.h" />
    <ClInclude Include="textureshaderclass.h" />
    <ClInclude Include="Timerclass.h" />
    <ClInclude Include="translateshaderclass.h" />
  </ItemGroup>
  <ItemGroup>
    <Image Include="alpha01.tga" />
    <Image Include="dirt01.tga" />
    <Image Include="font01.tga" />
    <Image Include="light01.tga" />
    <Image Include="moss01.tga" />
    <Image Include="normal01.tga" />
    <Image Include="papier.tga" />
    <Image Include="stone01.tga" />
    <Image Include="wall.tga" />
    <Image Include="spec02.tga" />
  </ItemGroup>
  <ItemGroup>
    <None Include="alphamap.ps" />
    <None Include="alphamap.vs" />
    <None Include="font.ps" />
    <None Include="font.vs" />
    <None Include="light.ps" />
    <None Include="light.vs" />
    <None Include="lightmap.ps" />
    <None Include="lightmap.vs" />
    <None Include="Multitexture.ps" />
    <None Include="Multitexture.vs" />
    <None Include="normalmap.ps" />
    <None Include="normalmap.vs" />
    <None Include="specmap.ps" />
    <None Include="specmap.vs" />
    <None Include="texture.ps" />
    <None Include="texture.vs" />
    <None Include="Color.ps" />
    <None Include="Color.vs" />
    <None Include="translate.ps" />
    <None Include="translate.vs" />
  </ItemGroup>
  <ItemGroup>
    <Text Include="cube.txt" />
    <Text Include="font01.txt" />
    <Text Include="plane.txt" />
    <Text Include="sphere.txt" />
    <Text Include="square.txt" />
  </ItemGroup>
</Project>