<?xml version="1.0" encoding="utf-8"?>
<Project ToolsVersion="4.0" xmlns="http://schemas.microsoft.com/developer/msbuild/2003">
  <ItemGroup>
    <ClCompile Include="applicationclass.cpp" />
    <ClCompile Include="bitmapclass.cpp" />
    <ClCompile Include="Cameraclass.cpp" />
    <ClCompile Include="Colorshaderclass.cpp" />
    <ClCompile Include="d3dclass.cpp" />
    <ClCompile Include="inputclass.cpp" />
    <ClCompile Include="Lightclass.cpp" />
    <ClCompile Include="Lightshaderclass.cpp" />
    <ClCompile Include="Main.cpp" />
    <ClCompile Include="modelclass.cpp" />
    <ClCompile Include="Multitextureshaderclass.cpp" />
    <ClCompile Include="Spriteclass.cpp" />
    <ClCompile Include="Systemclass.cpp" />
    <ClCompile Include="textureclass.cpp" />
    <ClCompile Include="textureshaderclass.cpp" />
    <ClCompile Include="Timerclass.cpp" />
    <ClCompile Include="fogshaderclass.cpp" />
  </ItemGroup>
  <ItemGroup>
    <ClInclude Include="applicationclass.h" />
    <ClInclude Include="bitmapclass.h" />
    <ClInclude Include="Cameraclass.h" />
    <ClInclude Include="Colorshaderclass.h" />
    <ClInclude Include="d3dclass.h" />
    <ClInclude Include="inputclass.h" />
    <ClInclude Include="lightclass.h" />
    <ClInclude Include="lightshaderclass.h" />
    <ClInclude Include="modelclass.h" />
    <ClInclude Include="Multitextureshaderclass.h" />
    <ClInclude Include="Spriteclass.h" />
    <ClInclude Include="systemclass.h" />
    <ClInclude Include="textureclass.h" />
    <ClInclude Include="textureshaderclass.h" />
    <ClInclude Include="Timerclass.h" />
    <ClInclude Include="fogshaderclass.h" />
  </ItemGroup>
  <ItemGroup>
    <Image Include="moss01.tga" />
    <Image Include="papier.tga" />
    <Image Include="stone01.tga" />
    <Image Include="wall.tga" />
  </ItemGroup>
  <ItemGroup>
    <None Include="light.ps" />
    <None Include="light.vs" />
    <None Include="Multitexture.ps" />
    <None Include="Multitexture.vs" />
    <None Include="packages.config" />
    <None Include="texture.ps" />
    <None Include="texture.vs" />
    <None Include="Color.ps" />
    <None Include="Color.vs" />
    <None Include="fog.vs" />
    <None Include="fog.ps" />
  </ItemGroup>
  <ItemGroup>
    <Text Include="cube.txt" />
  </ItemGroup>
</Project>